
Microsoft Visual Studio Solution File, Format Version 12.00
# Visual Studio 14
VisualStudioVersion = 14.0.25420.1
MinimumVisualStudioVersion = 10.0.40219.1
Project("{FAE04EC0-301F-11D3-BF4B-00C04F79EFBC}") = "RMS", "RMS.csproj", "{B54BA9D7-E228-4D11-93FF-A74E21EAA96A}"
EndProject
Project("{FAE04EC0-301F-11D3-BF4B-00C04F79EFBC}") = "View", "View\View.csproj", "{889B5A07-277E-4748-8C48-9EF0FA29EB43}"
EndProject
Project("{FAE04EC0-301F-11D3-BF4B-00C04F79EFBC}") = "Presenter", "Presenter\Presenter.csproj", "{20DFEEEE-4E64-49B7-A2E1-045492E17EA5}"
EndProject
Global
	GlobalSection(SolutionConfigurationPlatforms) = preSolution
		Debug|Any CPU = Debug|Any CPU
		Release|Any CPU = Release|Any CPU
	EndGlobalSection
	GlobalSection(ProjectConfigurationPlatforms) = postSolution
		{B54BA9D7-E228-4D11-93FF-A74E21EAA96A}.Debug|Any CPU.ActiveCfg = Debug|Any CPU
		{B54BA9D7-E228-4D11-93FF-A74E21EAA96A}.Debug|Any CPU.Build.0 = Debug|Any CPU
		{B54BA9D7-E228-4D11-93FF-A74E21EAA96A}.Release|Any CPU.ActiveCfg = Release|Any CPU
		{B54BA9D7-E228-4D11-93FF-A74E21EAA96A}.Release|Any CPU.Build.0 = Release|Any CPU
		{889B5A07-277E-4748-8C48-9EF0FA29EB43}.Debug|Any CPU.ActiveCfg = Debug|Any CPU
		{889B5A07-277E-4748-8C48-9EF0FA29EB43}.Debug|Any CPU.Build.0 = Debug|Any CPU
		{889B5A07-277E-4748-8C48-9EF0FA29EB43}.Release|Any CPU.ActiveCfg = Release|Any CPU
		{889B5A07-277E-4748-8C48-9EF0FA29EB43}.Release|Any CPU.Build.0 = Release|Any CPU
		{20DFEEEE-4E64-49B7-A2E1-045492E17EA5}.Debug|Any CPU.ActiveCfg = Debug|Any CPU
		{20DFEEEE-4E64-49B7-A2E1-045492E17EA5}.Debug|Any CPU.Build.0 = Debug|Any CPU
		{20DFEEEE-4E64-49B7-A2E1-045492E17EA5}.Release|Any CPU.ActiveCfg = Release|Any CPU
		{20DFEEEE-4E64-49B7-A2E1-045492E17EA5}.Release|Any CPU.Build.0 = Release|Any CPU
	EndGlobalSection
	GlobalSection(SolutionProperties) = preSolution
		HideSolutionNode = FALSE
	EndGlobalSection
EndGlobal
